
Microsoft Visual Studio Solution File, Format Version 12.00
# Visual Studio Version 16
VisualStudioVersion = 16.0.31515.178
MinimumVisualStudioVersion = 10.0.40219.1
Project("{FAE04EC0-301F-11D3-BF4B-00C04F79EFBC}") = "SqlTestDataGenerator", "SqlTestDataGenerator\SqlTestDataGenerator.csproj", "{35F19BB0-78BD-4E5E-AC31-FA0D82846805}"
EndProject
Global
	GlobalSection(SolutionConfigurationPlatforms) = preSolution
		Debug|Any CPU = Debug|Any CPU
		Release|Any CPU = Release|Any CPU
	EndGlobalSection
	GlobalSection(ProjectConfigurationPlatforms) = postSolution
		{35F19BB0-78BD-4E5E-AC31-FA0D82846805}.Debug|Any CPU.ActiveCfg = Debug|Any CPU
		{35F19BB0-78BD-4E5E-AC31-FA0D82846805}.Debug|Any CPU.Build.0 = Debug|Any CPU
		{35F19BB0-78BD-4E5E-AC31-FA0D82846805}.Release|Any CPU.ActiveCfg = Release|Any CPU
		{35F19BB0-78BD-4E5E-AC31-FA0D82846805}.Release|Any CPU.Build.0 = Release|Any CPU
	EndGlobalSection
	GlobalSection(SolutionProperties) = preSolution
		HideSolutionNode = FALSE
	EndGlobalSection
	GlobalSection(ExtensibilityGlobals) = postSolution
		SolutionGuid = {474BBE01-1F20-4320-AAE2-AA247E040E50}
	EndGlobalSection
EndGlobal
