
Microsoft Visual Studio Solution File, Format Version 12.00
# Visual Studio Version 16
VisualStudioVersion = 16.0.31515.178
MinimumVisualStudioVersion = 10.0.40219.1
Project("{9A19103F-16F7-4668-BE54-9A1E7A4F7556}") = "SqlTestDataGenerator", "SqlTestDataGenerator\SqlTestDataGenerator.csproj", "{35F19BB0-78BD-4E5E-AC31-FA0D82846805}"
EndProject
Project("{9A19103F-16F7-4668-BE54-9A1E7A4F7556}") = "Czf.Repository.DatabaseInfo.Smo", "Czf.Repository.DatabaseInfo.Smo\Czf.Repository.DatabaseInfo.Smo.csproj", "{C978F30C-0075-4B33-922A-18F7B5FD5C66}"
EndProject
Project("{9A19103F-16F7-4668-BE54-9A1E7A4F7556}") = "Czf.Repository.Contracts", "Czf.Repository.Contracts\Czf.Repository.Contracts.csproj", "{F6924918-6B95-414D-B4E0-A6FE2065D0B4}"
EndProject
Project("{FAE04EC0-301F-11D3-BF4B-00C04F79EFBC}") = "Czf.Service.DependencySortService", "Czf.Service.DependencySortService\Czf.Service.DependencySortService.csproj", "{22D6742F-DF1B-43E2-AE9D-1FA45602EE80}"
EndProject
Project("{FAE04EC0-301F-11D3-BF4B-00C04F79EFBC}") = "Czf.Service.Contracts", "Czf.Service.Contracts\Czf.Service.Contracts.csproj", "{0B177178-651D-4DA5-9ECC-6F965E5907F6}"
EndProject
Project("{FAE04EC0-301F-11D3-BF4B-00C04F79EFBC}") = "Czf.Service.DatabaseInfo.DataSetBuilder", "Czf.Service.DatabaseInfo.DataSetBuilder\Czf.Service.DatabaseInfo.DataSetBuilder.csproj", "{1CEE27DF-E0E7-4335-BB7D-1454BA46995A}"
EndProject
Project("{FAE04EC0-301F-11D3-BF4B-00C04F79EFBC}") = "Czf.Service.DataSetOperations.Sql", "Czf.Service.DataSet.Sql\Czf.Service.DataSetOperations.Sql.csproj", "{255C6FDD-81CC-499F-8FBB-9049A9F27273}"
EndProject
Project("{2150E333-8FDC-42A3-9474-1A3956D46DE8}") = "tests", "tests", "{0970D728-A697-48FF-B589-9DFAC1E0BD23}"
EndProject
Project("{FAE04EC0-301F-11D3-BF4B-00C04F79EFBC}") = "Czf.Service.DataSetOperations.Sql.Tests", "tests\Czf.Service.DataSetOperations.Sql.Tests\Czf.Service.DataSetOperations.Sql.Tests.csproj", "{72A3011C-D0F2-4749-AAA3-80F615B03D2C}"
EndProject
Global
	GlobalSection(SolutionConfigurationPlatforms) = preSolution
		Debug|Any CPU = Debug|Any CPU
		Release|Any CPU = Release|Any CPU
	EndGlobalSection
	GlobalSection(ProjectConfigurationPlatforms) = postSolution
		{35F19BB0-78BD-4E5E-AC31-FA0D82846805}.Debug|Any CPU.ActiveCfg = Debug|Any CPU
		{35F19BB0-78BD-4E5E-AC31-FA0D82846805}.Debug|Any CPU.Build.0 = Debug|Any CPU
		{35F19BB0-78BD-4E5E-AC31-FA0D82846805}.Release|Any CPU.ActiveCfg = Release|Any CPU
		{35F19BB0-78BD-4E5E-AC31-FA0D82846805}.Release|Any CPU.Build.0 = Release|Any CPU
		{C978F30C-0075-4B33-922A-18F7B5FD5C66}.Debug|Any CPU.ActiveCfg = Debug|Any CPU
		{C978F30C-0075-4B33-922A-18F7B5FD5C66}.Debug|Any CPU.Build.0 = Debug|Any CPU
		{C978F30C-0075-4B33-922A-18F7B5FD5C66}.Release|Any CPU.ActiveCfg = Release|Any CPU
		{C978F30C-0075-4B33-922A-18F7B5FD5C66}.Release|Any CPU.Build.0 = Release|Any CPU
		{F6924918-6B95-414D-B4E0-A6FE2065D0B4}.Debug|Any CPU.ActiveCfg = Debug|Any CPU
		{F6924918-6B95-414D-B4E0-A6FE2065D0B4}.Debug|Any CPU.Build.0 = Debug|Any CPU
		{F6924918-6B95-414D-B4E0-A6FE2065D0B4}.Release|Any CPU.ActiveCfg = Release|Any CPU
		{F6924918-6B95-414D-B4E0-A6FE2065D0B4}.Release|Any CPU.Build.0 = Release|Any CPU
		{22D6742F-DF1B-43E2-AE9D-1FA45602EE80}.Debug|Any CPU.ActiveCfg = Debug|Any CPU
		{22D6742F-DF1B-43E2-AE9D-1FA45602EE80}.Debug|Any CPU.Build.0 = Debug|Any CPU
		{22D6742F-DF1B-43E2-AE9D-1FA45602EE80}.Release|Any CPU.ActiveCfg = Release|Any CPU
		{22D6742F-DF1B-43E2-AE9D-1FA45602EE80}.Release|Any CPU.Build.0 = Release|Any CPU
		{0B177178-651D-4DA5-9ECC-6F965E5907F6}.Debug|Any CPU.ActiveCfg = Debug|Any CPU
		{0B177178-651D-4DA5-9ECC-6F965E5907F6}.Debug|Any CPU.Build.0 = Debug|Any CPU
		{0B177178-651D-4DA5-9ECC-6F965E5907F6}.Release|Any CPU.ActiveCfg = Release|Any CPU
		{0B177178-651D-4DA5-9ECC-6F965E5907F6}.Release|Any CPU.Build.0 = Release|Any CPU
		{1CEE27DF-E0E7-4335-BB7D-1454BA46995A}.Debug|Any CPU.ActiveCfg = Debug|Any CPU
		{1CEE27DF-E0E7-4335-BB7D-1454BA46995A}.Debug|Any CPU.Build.0 = Debug|Any CPU
		{1CEE27DF-E0E7-4335-BB7D-1454BA46995A}.Release|Any CPU.ActiveCfg = Release|Any CPU
		{1CEE27DF-E0E7-4335-BB7D-1454BA46995A}.Release|Any CPU.Build.0 = Release|Any CPU
		{255C6FDD-81CC-499F-8FBB-9049A9F27273}.Debug|Any CPU.ActiveCfg = Debug|Any CPU
		{255C6FDD-81CC-499F-8FBB-9049A9F27273}.Debug|Any CPU.Build.0 = Debug|Any CPU
		{255C6FDD-81CC-499F-8FBB-9049A9F27273}.Release|Any CPU.ActiveCfg = Release|Any CPU
		{255C6FDD-81CC-499F-8FBB-9049A9F27273}.Release|Any CPU.Build.0 = Release|Any CPU
		{72A3011C-D0F2-4749-AAA3-80F615B03D2C}.Debug|Any CPU.ActiveCfg = Debug|Any CPU
		{72A3011C-D0F2-4749-AAA3-80F615B03D2C}.Debug|Any CPU.Build.0 = Debug|Any CPU
		{72A3011C-D0F2-4749-AAA3-80F615B03D2C}.Release|Any CPU.ActiveCfg = Release|Any CPU
		{72A3011C-D0F2-4749-AAA3-80F615B03D2C}.Release|Any CPU.Build.0 = Release|Any CPU
	EndGlobalSection
	GlobalSection(SolutionProperties) = preSolution
		HideSolutionNode = FALSE
	EndGlobalSection
	GlobalSection(NestedProjects) = preSolution
		{72A3011C-D0F2-4749-AAA3-80F615B03D2C} = {0970D728-A697-48FF-B589-9DFAC1E0BD23}
	EndGlobalSection
	GlobalSection(ExtensibilityGlobals) = postSolution
		SolutionGuid = {474BBE01-1F20-4320-AAE2-AA247E040E50}
	EndGlobalSection
EndGlobal
